
Microsoft Visual Studio Solution File, Format Version 12.00
# Visual Studio Version 17
VisualStudioVersion = 17.5.002.0
MinimumVisualStudioVersion = 10.0.40219.1
Project("{9A19103F-16F7-4668-BE54-9A1E7A4F7556}") = "SortableSorting", "SortableSorting.csproj", "{AB144838-579F-4109-9FAF-521E61CF3DB1}"
EndProject
Global
	GlobalSection(SolutionConfigurationPlatforms) = preSolution
		Debug|Any CPU = Debug|Any CPU
		Release|Any CPU = Release|Any CPU
	EndGlobalSection
	GlobalSection(ProjectConfigurationPlatforms) = postSolution
		{AB144838-579F-4109-9FAF-521E61CF3DB1}.Debug|Any CPU.ActiveCfg = Debug|Any CPU
		{AB144838-579F-4109-9FAF-521E61CF3DB1}.Debug|Any CPU.Build.0 = Debug|Any CPU
		{AB144838-579F-4109-9FAF-521E61CF3DB1}.Release|Any CPU.ActiveCfg = Release|Any CPU
		{AB144838-579F-4109-9FAF-521E61CF3DB1}.Release|Any CPU.Build.0 = Release|Any CPU
	EndGlobalSection
	GlobalSection(SolutionProperties) = preSolution
		HideSolutionNode = FALSE
	EndGlobalSection
	GlobalSection(ExtensibilityGlobals) = postSolution
		SolutionGuid = {3B2E13EA-DFD8-4447-8656-4B54C0818F49}
	EndGlobalSection
EndGlobal
